
Microsoft Visual Studio Solution File, Format Version 12.00
# Visual Studio Version 17
VisualStudioVersion = 17.14.36603.0
MinimumVisualStudioVersion = 10.0.40219.1
Project("{FAE04EC0-301F-11D3-BF4B-00C04F79EFBC}") = "OOP_Lab7_Poryshkin", "OOP_Lab7_Poryshkin.csproj", "{4DFFC54C-F03B-4FF3-85CB-AEE72EF2E09A}"
EndProject
Project("{FAE04EC0-301F-11D3-BF4B-00C04F79EFBC}") = "PlantTests", "..\PlantTests\PlantTests.csproj", "{EB4B9223-BB84-468E-B8E9-0C7ED6AF7C4B}"
EndProject
Global
	GlobalSection(SolutionConfigurationPlatforms) = preSolution
		Debug|Any CPU = Debug|Any CPU
		Release|Any CPU = Release|Any CPU
	EndGlobalSection
	GlobalSection(ProjectConfigurationPlatforms) = postSolution
		{4DFFC54C-F03B-4FF3-85CB-AEE72EF2E09A}.Debug|Any CPU.ActiveCfg = Debug|Any CPU
		{4DFFC54C-F03B-4FF3-85CB-AEE72EF2E09A}.Debug|Any CPU.Build.0 = Debug|Any CPU
		{4DFFC54C-F03B-4FF3-85CB-AEE72EF2E09A}.Release|Any CPU.ActiveCfg = Release|Any CPU
		{4DFFC54C-F03B-4FF3-85CB-AEE72EF2E09A}.Release|Any CPU.Build.0 = Release|Any CPU
		{EB4B9223-BB84-468E-B8E9-0C7ED6AF7C4B}.Debug|Any CPU.ActiveCfg = Debug|Any CPU
		{EB4B9223-BB84-468E-B8E9-0C7ED6AF7C4B}.Debug|Any CPU.Build.0 = Debug|Any CPU
		{EB4B9223-BB84-468E-B8E9-0C7ED6AF7C4B}.Release|Any CPU.ActiveCfg = Release|Any CPU
		{EB4B9223-BB84-468E-B8E9-0C7ED6AF7C4B}.Release|Any CPU.Build.0 = Release|Any CPU
	EndGlobalSection
	GlobalSection(SolutionProperties) = preSolution
		HideSolutionNode = FALSE
	EndGlobalSection
	GlobalSection(ExtensibilityGlobals) = postSolution
		SolutionGuid = {B76EA972-041D-4A89-A5B5-A0048A5637A6}
	EndGlobalSection
EndGlobal
